
Microsoft Visual Studio Solution File, Format Version 12.00
# Visual Studio Version 16
VisualStudioVersion = 16.0.30204.135
MinimumVisualStudioVersion = 10.0.40219.1
Project("{FAE04EC0-301F-11D3-BF4B-00C04F79EFBC}") = "WPF_Calculator", "WPF_Calculator\WPF_Calculator.csproj", "{B3FC66BE-EFB9-4CDE-AFF4-B5FFF5E5C3D9}"
EndProject
Global
	GlobalSection(SolutionConfigurationPlatforms) = preSolution
		Debug|Any CPU = Debug|Any CPU
		Release|Any CPU = Release|Any CPU
	EndGlobalSection
	GlobalSection(ProjectConfigurationPlatforms) = postSolution
		{B3FC66BE-EFB9-4CDE-AFF4-B5FFF5E5C3D9}.Debug|Any CPU.ActiveCfg = Debug|Any CPU
		{B3FC66BE-EFB9-4CDE-AFF4-B5FFF5E5C3D9}.Debug|Any CPU.Build.0 = Debug|Any CPU
		{B3FC66BE-EFB9-4CDE-AFF4-B5FFF5E5C3D9}.Release|Any CPU.ActiveCfg = Release|Any CPU
		{B3FC66BE-EFB9-4CDE-AFF4-B5FFF5E5C3D9}.Release|Any CPU.Build.0 = Release|Any CPU
	EndGlobalSection
	GlobalSection(SolutionProperties) = preSolution
		HideSolutionNode = FALSE
	EndGlobalSection
	GlobalSection(ExtensibilityGlobals) = postSolution
		SolutionGuid = {E419EA35-D0C0-4B77-AF3F-BBE37E5C53A0}
	EndGlobalSection
EndGlobal
